
Microsoft Visual Studio Solution File, Format Version 12.00
# Visual Studio Version 17
VisualStudioVersion = 17.7.34221.43
MinimumVisualStudioVersion = 10.0.40219.1
Project("{9A19103F-16F7-4668-BE54-9A1E7A4F7556}") = "DormAPI", "DormAPI.csproj", "{25487AD5-E3C6-4923-A246-4CAB9504DE49}"
EndProject
Global
	GlobalSection(SolutionConfigurationPlatforms) = preSolution
		Debug|Any CPU = Debug|Any CPU
		Release|Any CPU = Release|Any CPU
	EndGlobalSection
	GlobalSection(ProjectConfigurationPlatforms) = postSolution
		{25487AD5-E3C6-4923-A246-4CAB9504DE49}.Debug|Any CPU.ActiveCfg = Debug|Any CPU
		{25487AD5-E3C6-4923-A246-4CAB9504DE49}.Debug|Any CPU.Build.0 = Debug|Any CPU
		{25487AD5-E3C6-4923-A246-4CAB9504DE49}.Release|Any CPU.ActiveCfg = Release|Any CPU
		{25487AD5-E3C6-4923-A246-4CAB9504DE49}.Release|Any CPU.Build.0 = Release|Any CPU
	EndGlobalSection
	GlobalSection(SolutionProperties) = preSolution
		HideSolutionNode = FALSE
	EndGlobalSection
	GlobalSection(ExtensibilityGlobals) = postSolution
		SolutionGuid = {011990C0-DAB2-4486-94F7-B68AC8726E4E}
	EndGlobalSection
EndGlobal
